PODS:
  - Flutter (1.0.0)
  - integration_test (0.0.1):
    - Flutter
  - network_status_bridge (0.0.1):
    - Flutter

DEPENDENCIES:
  - Flutter (from `Flutter`)
  - integration_test (from `.symlinks/plugins/integration_test/ios`)
  - network_status_bridge (from `.symlinks/plugins/network_status_bridge/ios`)

EXTERNAL SOURCES:
  Flutter:
    :path: Flutter
  integration_test:
    :path: ".symlinks/plugins/integration_test/ios"
  network_status_bridge:
    :path: ".symlinks/plugins/network_status_bridge/ios"

SPEC CHECKSUMS:
  Flutter: e0871f40cf51350855a761d2e70bf5af5b9b5de7
  integration_test: 4a889634ef21a45d28d50d622cf412dc6d9f586e
  network_status_bridge: 74ed403f6b40b2b618e2a41063e5f2ad191671a9

PODFILE CHECKSUM: 4305caec6b40dde0ae97be1573c53de1882a07e5

COCOAPODS: 1.16.2
